{
  "requires": true,
  "lockfileVersion": 1,
  "dependencies": {
    "@types/ioredis": {
      "version": "4.0.18",
      "resolved": "https://registry.npm.taobao.org/@types/ioredis/download/@types/ioredis-4.0.18.tgz",
      "requires": {
        "@types/node": "*"
      }
    },
    "@types/node": {
      "version": "12.7.8",
      "resolved": "https://registry.npm.taobao.org/@types/node/download/@types/node-12.7.8.tgz?cache=0&sync_timestamp=1569454493082&other_urls=https%3A%2F%2Fregistry.npm.taobao.org%2F%40types%2Fnode%2Fdownload%2F%40types%2Fnode-12.7.8.tgz"
    },
    "await-first": {
      "version": "1.0.0",
      "resolved": "https://registry.npm.taobao.org/await-first/download/await-first-1.0.0.tgz",
      "requires": {
        "ee-first": "^1.1.1"
      },
      "dependencies": {
        "ee-first": {
          "version": "https://registry.npm.taobao.org/ee-first/download/ee-first-1.1.1.tgz"
        }
      }
    },
    "cluster-key-slot": {
      "version": "1.1.0",
      "resolved": "https://registry.npm.taobao.org/cluster-key-slot/download/cluster-key-slot-1.1.0.tgz"
    },
    "debug": {
      "version": "4.1.1",
      "resolved": "https://registry.npm.taobao.org/debug/download/debug-4.1.1.tgz",
      "requires": {
        "ms": "^2.1.1"
      },
      "dependencies": {
        "ms": {
          "version": "https://registry.npm.taobao.org/ms/download/ms-2.1.2.tgz"
        }
      }
    },
    "denque": {
      "version": "1.4.1",
      "resolved": "https://registry.npm.taobao.org/denque/download/denque-1.4.1.tgz"
    },
    "ee-first": {
      "version": "1.1.1",
      "resolved": "https://registry.npm.taobao.org/ee-first/download/ee-first-1.1.1.tgz"
    },
    "egg-redis": {
      "version": "2.4.0",
      "resolved": "https://registry.npm.taobao.org/egg-redis/download/egg-redis-2.4.0.tgz",
      "integrity": "sha1-l3Ot/ONLjrkCYQ7adSXM/v2HpzU=",
      "requires": {
        "@types/ioredis": "^4.0.10",
        "await-first": "^1.0.0",
        "ioredis": "^4.9.0"
      }
    },
    "ioredis": {
      "version": "4.14.1",
      "resolved": "https://registry.npm.taobao.org/ioredis/download/ioredis-4.14.1.tgz",
      "requires": {
        "cluster-key-slot": "^1.1.0",
        "debug": "^4.1.1",
        "denque": "^1.1.0",
        "lodash.defaults": "^4.2.0",
        "lodash.flatten": "^4.4.0",
        "redis-commands": "1.5.0",
        "redis-errors": "^1.2.0",
        "redis-parser": "^3.0.0",
        "standard-as-callback": "^2.0.1"
      },
      "dependencies": {
        "cluster-key-slot": {
          "version": "https://registry.npm.taobao.org/cluster-key-slot/download/cluster-key-slot-1.1.0.tgz"
        },
        "debug": {
          "version": "https://registry.npm.taobao.org/debug/download/debug-4.1.1.tgz"
        },
        "denque": {
          "version": "https://registry.npm.taobao.org/denque/download/denque-1.4.1.tgz"
        },
        "lodash.defaults": {
          "version": "https://registry.npm.taobao.org/lodash.defaults/download/lodash.defaults-4.2.0.tgz"
        },
        "lodash.flatten": {
          "version": "https://registry.npm.taobao.org/lodash.flatten/download/lodash.flatten-4.4.0.tgz"
        },
        "redis-commands": {
          "version": "https://registry.npm.taobao.org/redis-commands/download/redis-commands-1.5.0.tgz"
        },
        "redis-errors": {
          "version": "https://registry.npm.taobao.org/redis-errors/download/redis-errors-1.2.0.tgz"
        },
        "redis-parser": {
          "version": "https://registry.npm.taobao.org/redis-parser/download/redis-parser-3.0.0.tgz"
        },
        "standard-as-callback": {
          "version": "https://registry.npm.taobao.org/standard-as-callback/download/standard-as-callback-2.0.1.tgz"
        }
      }
    },
    "lodash.defaults": {
      "version": "4.2.0",
      "resolved": "https://registry.npm.taobao.org/lodash.defaults/download/lodash.defaults-4.2.0.tgz"
    },
    "lodash.flatten": {
      "version": "4.4.0",
      "resolved": "https://registry.npm.taobao.org/lodash.flatten/download/lodash.flatten-4.4.0.tgz"
    },
    "ms": {
      "version": "2.1.2",
      "resolved": "https://registry.npm.taobao.org/ms/download/ms-2.1.2.tgz"
    },
    "redis-commands": {
      "version": "1.5.0",
      "resolved": "https://registry.npm.taobao.org/redis-commands/download/redis-commands-1.5.0.tgz"
    },
    "redis-errors": {
      "version": "1.2.0",
      "resolved": "https://registry.npm.taobao.org/redis-errors/download/redis-errors-1.2.0.tgz"
    },
    "redis-parser": {
      "version": "3.0.0",
      "resolved": "https://registry.npm.taobao.org/redis-parser/download/redis-parser-3.0.0.tgz",
      "requires": {
        "redis-errors": "^1.0.0"
      },
      "dependencies": {
        "redis-errors": {
          "version": "https://registry.npm.taobao.org/redis-errors/download/redis-errors-1.2.0.tgz"
        }
      }
    },
    "standard-as-callback": {
      "version": "2.0.1",
      "resolved": "https://registry.npm.taobao.org/standard-as-callback/download/standard-as-callback-2.0.1.tgz"
    }
  }
}
